
Microsoft Visual Studio Solution File, Format Version 12.00
# Visual Studio Version 16
VisualStudioVersion = 16.0.32228.343
MinimumVisualStudioVersion = 10.0.40219.1
Project("{FAE04EC0-301F-11D3-BF4B-00C04F79EFBC}") = "FUE", "FUE.csproj", "{B077943B-8BEC-4587-9EA6-B4D8B427A210}"
EndProject
Global
	GlobalSection(SolutionConfigurationPlatforms) = preSolution
		Debug|Any CPU = Debug|Any CPU
		Release|Any CPU = Release|Any CPU
	EndGlobalSection
	GlobalSection(ProjectConfigurationPlatforms) = postSolution
		{B077943B-8BEC-4587-9EA6-B4D8B427A210}.Debug|Any CPU.ActiveCfg = Debug|Any CPU
		{B077943B-8BEC-4587-9EA6-B4D8B427A210}.Debug|Any CPU.Build.0 = Debug|Any CPU
		{B077943B-8BEC-4587-9EA6-B4D8B427A210}.Release|Any CPU.ActiveCfg = Release|Any CPU
		{B077943B-8BEC-4587-9EA6-B4D8B427A210}.Release|Any CPU.Build.0 = Release|Any CPU
	EndGlobalSection
	GlobalSection(SolutionProperties) = preSolution
		HideSolutionNode = FALSE
	EndGlobalSection
	GlobalSection(ExtensibilityGlobals) = postSolution
		SolutionGuid = {4ABB0311-D228-4B39-B262-4676B1D91731}
	EndGlobalSection
EndGlobal
